# This file is generated by running "yarn install" inside your project.
# Manual changes might be lost - proceed with caution!

__metadata:
  version: 6
  cacheKey: 8

"@cspotcode/source-map-support@npm:^0.8.0":
  version: 0.8.1
  resolution: "@cspotcode/source-map-support@npm:0.8.1"
  dependencies:
    "@jridgewell/trace-mapping": 0.3.9
  checksum: 5718f267085ed8edb3e7ef210137241775e607ee18b77d95aa5bd7514f47f5019aa2d82d96b3bf342ef7aa890a346fa1044532ff7cc3009e7d24fce3ce6200fa
  languageName: node
  linkType: hard

"@jridgewell/resolve-uri@npm:^3.0.3":
  version: 3.1.1
  resolution: "@jridgewell/resolve-uri@npm:3.1.1"
  checksum: f5b441fe7900eab4f9155b3b93f9800a916257f4e8563afbcd3b5a5337b55e52bd8ae6735453b1b745457d9f6cdb16d74cd6220bbdd98cf153239e13f6cbb653
  languageName: node
  linkType: hard

"@jridgewell/sourcemap-codec@npm:^1.4.10":
  version: 1.4.15
  resolution: "@jridgewell/sourcemap-codec@npm:1.4.15"
  checksum: b881c7e503db3fc7f3c1f35a1dd2655a188cc51a3612d76efc8a6eb74728bef5606e6758ee77423e564092b4a518aba569bbb21c9bac5ab7a35b0c6ae7e344c8
  languageName: node
  linkType: hard

"@jridgewell/trace-mapping@npm:0.3.9":
  version: 0.3.9
  resolution: "@jridgewell/trace-mapping@npm:0.3.9"
  dependencies:
    "@jridgewell/resolve-uri": ^3.0.3
    "@jridgewell/sourcemap-codec": ^1.4.10
  checksum: d89597752fd88d3f3480845691a05a44bd21faac18e2185b6f436c3b0fd0c5a859fbbd9aaa92050c4052caf325ad3e10e2e1d1b64327517471b7d51babc0ddef
  languageName: node
  linkType: hard

"@next/env@npm:13.4.4":
  version: 13.4.4
  resolution: "@next/env@npm:13.4.4"
  checksum: 9ab9b9ac4e5920cb9911273a776a5e2564844ac735a9c483bf584e090a7f534ce4a8fcda313132d338837e634513f680885c6b4ee811d5175db1b98b0bba4b35
  languageName: node
  linkType: hard

"@next/swc-darwin-arm64@npm:13.4.4":
  version: 13.4.4
  resolution: "@next/swc-darwin-arm64@npm:13.4.4"
  conditions: os=darwin & cpu=arm64
  languageName: node
  linkType: hard

"@next/swc-darwin-x64@npm:13.4.4":
  version: 13.4.4
  resolution: "@next/swc-darwin-x64@npm:13.4.4"
  conditions: os=darwin & cpu=x64
  languageName: node
  linkType: hard

"@next/swc-linux-arm64-gnu@npm:13.4.4":
  version: 13.4.4
  resolution: "@next/swc-linux-arm64-gnu@npm:13.4.4"
  conditions: os=linux & cpu=arm64 & libc=glibc
  languageName: node
  linkType: hard

"@next/swc-linux-arm64-musl@npm:13.4.4":
  version: 13.4.4
  resolution: "@next/swc-linux-arm64-musl@npm:13.4.4"
  conditions: os=linux & cpu=arm64 & libc=musl
  languageName: node
  linkType: hard

"@next/swc-linux-x64-gnu@npm:13.4.4":
  version: 13.4.4
  resolution: "@next/swc-linux-x64-gnu@npm:13.4.4"
  conditions: os=linux & cpu=x64 & libc=glibc
  languageName: node
  linkType: hard

"@next/swc-linux-x64-musl@npm:13.4.4":
  version: 13.4.4
  resolution: "@next/swc-linux-x64-musl@npm:13.4.4"
  conditions: os=linux & cpu=x64 & libc=musl
  languageName: node
  linkType: hard

"@next/swc-win32-arm64-msvc@npm:13.4.4":
  version: 13.4.4
  resolution: "@next/swc-win32-arm64-msvc@npm:13.4.4"
  conditions: os=win32 & cpu=arm64
  languageName: node
  linkType: hard

"@next/swc-win32-ia32-msvc@npm:13.4.4":
  version: 13.4.4
  resolution: "@next/swc-win32-ia32-msvc@npm:13.4.4"
  conditions: os=win32 & cpu=ia32
  languageName: node
  linkType: hard

"@next/swc-win32-x64-msvc@npm:13.4.4":
  version: 13.4.4
  resolution: "@next/swc-win32-x64-msvc@npm:13.4.4"
  conditions: os=win32 & cpu=x64
  languageName: node
  linkType: hard

"@prisma/client@npm:^4.15.0":
  version: 4.15.0
  resolution: "@prisma/client@npm:4.15.0"
  dependencies:
    "@prisma/engines-version": 4.15.0-28.8fbc245156db7124f997f4cecdd8d1219e360944
  peerDependencies:
    prisma: "*"
  peerDependenciesMeta:
    prisma:
      optional: true
  checksum: 875eb31e702e16a50188f4762d9689a930aeb4f18a158a0a5270feefc80dc9a30935890df65d98fc9c6655d5f4f65d9943997bb86a51dd904577e7d19c6a2a7c
  languageName: node
  linkType: hard

"@prisma/engines-version@npm:4.15.0-28.8fbc245156db7124f997f4cecdd8d1219e360944":
  version: 4.15.0-28.8fbc245156db7124f997f4cecdd8d1219e360944
  resolution: "@prisma/engines-version@npm:4.15.0-28.8fbc245156db7124f997f4cecdd8d1219e360944"
  checksum: 6da6f076746aac2db043a9f15790f51c6d0e86139e1ebd83e6e046e799c0dbfa0d2df14cd7c70cc9583ce85b4bfc02e48fe1461077b79ed31ba83ad9440bb90f
  languageName: node
  linkType: hard

"@prisma/engines@npm:4.15.0":
  version: 4.15.0
  resolution: "@prisma/engines@npm:4.15.0"
  checksum: 61b53fe5ad7b0927de9aa4f51027e281788258d3fb5e389c3ae940829fdc5428a7108ce0cae5b329ddac0ee3206b0b9f8e8adae401c456f77d912c96368cfa5f
  languageName: node
  linkType: hard

"@swc/helpers@npm:0.5.1":
  version: 0.5.1
  resolution: "@swc/helpers@npm:0.5.1"
  dependencies:
    tslib: ^2.4.0
  checksum: 71e0e27234590435e4c62b97ef5e796f88e786841a38c7116a5e27a3eafa7b9ead7cdec5249b32165902076de78446945311c973e59bddf77c1e24f33a8f272a
  languageName: node
  linkType: hard

"@tsconfig/node10@npm:^1.0.7":
  version: 1.0.9
  resolution: "@tsconfig/node10@npm:1.0.9"
  checksum: a33ae4dc2a621c0678ac8ac4bceb8e512ae75dac65417a2ad9b022d9b5411e863c4c198b6ba9ef659e14b9fb609bbec680841a2e84c1172df7a5ffcf076539df
  languageName: node
  linkType: hard

"@tsconfig/node12@npm:^1.0.7":
  version: 1.0.11
  resolution: "@tsconfig/node12@npm:1.0.11"
  checksum: 5ce29a41b13e7897a58b8e2df11269c5395999e588b9a467386f99d1d26f6c77d1af2719e407621412520ea30517d718d5192a32403b8dfcc163bf33e40a338a
  languageName: node
  linkType: hard

"@tsconfig/node14@npm:^1.0.0":
  version: 1.0.3
  resolution: "@tsconfig/node14@npm:1.0.3"
  checksum: 19275fe80c4c8d0ad0abed6a96dbf00642e88b220b090418609c4376e1cef81bf16237bf170ad1b341452feddb8115d8dd2e5acdfdea1b27422071163dc9ba9d
  languageName: node
  linkType: hard

"@tsconfig/node16@npm:^1.0.2":
  version: 1.0.4
  resolution: "@tsconfig/node16@npm:1.0.4"
  checksum: 202319785901f942a6e1e476b872d421baec20cf09f4b266a1854060efbf78cde16a4d256e8bc949d31e6cd9a90f1e8ef8fb06af96a65e98338a2b6b0de0a0ff
  languageName: node
  linkType: hard

"@types/debug@npm:^4.0.0":
  version: 4.1.8
  resolution: "@types/debug@npm:4.1.8"
  dependencies:
    "@types/ms": "*"
  checksum: a9a9bb40a199e9724aa944e139a7659173a9b274798ea7efbc277cb084bc37d32fc4c00877c3496fac4fed70a23243d284adb75c00b5fdabb38a22154d18e5df
  languageName: node
  linkType: hard

"@types/hast@npm:^2.0.0":
  version: 2.3.4
  resolution: "@types/hast@npm:2.3.4"
  dependencies:
    "@types/unist": "*"
  checksum: fff47998f4c11e21a7454b58673f70478740ecdafd95aaf50b70a3daa7da9cdc57315545bf9c039613732c40b7b0e9e49d11d03fe9a4304721cdc3b29a88141e
  languageName: node
  linkType: hard

"@types/mdast@npm:^3.0.0":
  version: 3.0.11
  resolution: "@types/mdast@npm:3.0.11"
  dependencies:
    "@types/unist": "*"
  checksum: 3b04cf465535553b47a1811c247668bd6cfeb54d99a2c9dbb82ccd0f5145d271d10c3169f929701d8cd55fd569f0d2e459a50845813ba3261f1fb0395a288cea
  languageName: node
  linkType: hard

"@types/ms@npm:*":
  version: 0.7.31
  resolution: "@types/ms@npm:0.7.31"
  checksum: daadd354aedde024cce6f5aa873fefe7b71b22cd0e28632a69e8b677aeb48ae8caa1c60e5919bb781df040d116b01cb4316335167a3fc0ef6a63fa3614c0f6da
  languageName: node
  linkType: hard

"@types/node@npm:^20.3.1":
  version: 20.3.1
  resolution: "@types/node@npm:20.3.1"
  checksum: 63a393ab6d947be17320817b35d7277ef03728e231558166ed07ee30b09fd7c08861be4d746f10fdc63ca7912e8cd023939d4eab887ff6580ff704ff24ed810c
  languageName: node
  linkType: hard

"@types/prop-types@npm:*":
  version: 15.7.5
  resolution: "@types/prop-types@npm:15.7.5"
  checksum: 5b43b8b15415e1f298243165f1d44390403bb2bd42e662bca3b5b5633fdd39c938e91b7fce3a9483699db0f7a715d08cef220c121f723a634972fdf596aec980
  languageName: node
  linkType: hard

"@types/react@npm:^18.2.12":
  version: 18.2.12
  resolution: "@types/react@npm:18.2.12"
  dependencies:
    "@types/prop-types": "*"
    "@types/scheduler": "*"
    csstype: ^3.0.2
  checksum: ad85a7eadaf1b35cfeee9f715b39311420ff46d46e0650377d918b3f888c2e47416037da4a765e1dccd3d1916abd54c105a3bee803c971ba56c955a7768ce976
  languageName: node
  linkType: hard

"@types/scheduler@npm:*":
  version: 0.16.3
  resolution: "@types/scheduler@npm:0.16.3"
  checksum: 2b0aec39c24268e3ce938c5db2f2e77f5c3dd280e05c262d9c2fe7d890929e4632a6b8e94334017b66b45e4f92a5aa42ba3356640c2a1175fa37bef2f5200767
  languageName: node
  linkType: hard

"@types/unist@npm:*, @types/unist@npm:^2.0.0":
  version: 2.0.6
  resolution: "@types/unist@npm:2.0.6"
  checksum: 25cb860ff10dde48b54622d58b23e66214211a61c84c0f15f88d38b61aa1b53d4d46e42b557924a93178c501c166aa37e28d7f6d994aba13d24685326272d5db
  languageName: node
  linkType: hard

"acorn-walk@npm:^8.1.1":
  version: 8.2.0
  resolution: "acorn-walk@npm:8.2.0"
  checksum: 1715e76c01dd7b2d4ca472f9c58968516a4899378a63ad5b6c2d668bba8da21a71976c14ec5f5b75f887b6317c4ae0b897ab141c831d741dc76024d8745f1ad1
  languageName: node
  linkType: hard

"acorn@npm:^8.4.1":
  version: 8.8.2
  resolution: "acorn@npm:8.8.2"
  bin:
    acorn: bin/acorn
  checksum: f790b99a1bf63ef160c967e23c46feea7787e531292bb827126334612c234ed489a0dc2c7ba33156416f0ffa8d25bf2b0fdb7f35c2ba60eb3e960572bece4001
  languageName: node
  linkType: hard

"arg@npm:^4.1.0":
  version: 4.1.3
  resolution: "arg@npm:4.1.3"
  checksum: 544af8dd3f60546d3e4aff084d451b96961d2267d668670199692f8d054f0415d86fc5497d0e641e91546f0aa920e7c29e5250e99fc89f5552a34b5d93b77f43
  languageName: node
  linkType: hard

"bail@npm:^2.0.0":
  version: 2.0.2
  resolution: "bail@npm:2.0.2"
  checksum: aab4e8ccdc8d762bf3fdfce8e706601695620c0c2eda256dd85088dc0be3cfd7ff126f6e99c2bee1f24f5d418414aacf09d7f9702f16d6963df2fa488cda8824
  languageName: node
  linkType: hard

"busboy@npm:1.6.0":
  version: 1.6.0
  resolution: "busboy@npm:1.6.0"
  dependencies:
    streamsearch: ^1.1.0
  checksum: 32801e2c0164e12106bf236291a00795c3c4e4b709ae02132883fe8478ba2ae23743b11c5735a0aae8afe65ac4b6ca4568b91f0d9fed1fdbc32ede824a73746e
  languageName: node
  linkType: hard

"caniuse-lite@npm:^1.0.30001406":
  version: 1.0.30001503
  resolution: "caniuse-lite@npm:1.0.30001503"
  checksum: cd5f0af37655ff71ec4ab3c49124d75e0b8b68de625d07ea80e9a82329e616b5203d5dad6865192653be9da50081c06878f081ab069dac0be35adf29aa1599cd
  languageName: node
  linkType: hard

"character-entities@npm:^2.0.0":
  version: 2.0.2
  resolution: "character-entities@npm:2.0.2"
  checksum: cf1643814023697f725e47328fcec17923b8f1799102a8a79c1514e894815651794a2bffd84bb1b3a4b124b050154e4529ed6e81f7c8068a734aecf07a6d3def
  languageName: node
  linkType: hard

"client-only@npm:0.0.1":
  version: 0.0.1
  resolution: "client-only@npm:0.0.1"
  checksum: 0c16bf660dadb90610553c1d8946a7fdfb81d624adea073b8440b7d795d5b5b08beb3c950c6a2cf16279365a3265158a236876d92bce16423c485c322d7dfaf8
  languageName: node
  linkType: hard

"comma-separated-tokens@npm:^2.0.0":
  version: 2.0.3
  resolution: "comma-separated-tokens@npm:2.0.3"
  checksum: e3bf9e0332a5c45f49b90e79bcdb4a7a85f28d6a6f0876a94f1bb9b2bfbdbbb9292aac50e1e742d8c0db1e62a0229a106f57917e2d067fca951d81737651700d
  languageName: node
  linkType: hard

"create-require@npm:^1.1.0":
  version: 1.1.1
  resolution: "create-require@npm:1.1.1"
  checksum: a9a1503d4390d8b59ad86f4607de7870b39cad43d929813599a23714831e81c520bddf61bcdd1f8e30f05fd3a2b71ae8538e946eb2786dc65c2bbc520f692eff
  languageName: node
  linkType: hard

"csstype@npm:^3.0.2":
  version: 3.1.2
  resolution: "csstype@npm:3.1.2"
  checksum: e1a52e6c25c1314d6beef5168da704ab29c5186b877c07d822bd0806717d9a265e8493a2e35ca7e68d0f5d472d43fac1cdce70fd79fd0853dff81f3028d857b5
  languageName: node
  linkType: hard

"debug@npm:^4.0.0":
  version: 4.3.4
  resolution: "debug@npm:4.3.4"
  dependencies:
    ms: 2.1.2
  peerDependenciesMeta:
    supports-color:
      optional: true
  checksum: 3dbad3f94ea64f34431a9cbf0bafb61853eda57bff2880036153438f50fb5a84f27683ba0d8e5426bf41a8c6ff03879488120cf5b3a761e77953169c0600a708
  languageName: node
  linkType: hard

"decode-named-character-reference@npm:^1.0.0":
  version: 1.0.2
  resolution: "decode-named-character-reference@npm:1.0.2"
  dependencies:
    character-entities: ^2.0.0
  checksum: f4c71d3b93105f20076052f9cb1523a22a9c796b8296cd35eef1ca54239c78d182c136a848b83ff8da2071e3ae2b1d300bf29d00650a6d6e675438cc31b11d78
  languageName: node
  linkType: hard

"dequal@npm:^2.0.0":
  version: 2.0.3
  resolution: "dequal@npm:2.0.3"
  checksum: 8679b850e1a3d0ebbc46ee780d5df7b478c23f335887464023a631d1b9af051ad4a6595a44220f9ff8ff95a8ddccf019b5ad778a976fd7bbf77383d36f412f90
  languageName: node
  linkType: hard

"diff@npm:^4.0.1":
  version: 4.0.2
  resolution: "diff@npm:4.0.2"
  checksum: f2c09b0ce4e6b301c221addd83bf3f454c0bc00caa3dd837cf6c127d6edf7223aa2bbe3b688feea110b7f262adbfc845b757c44c8a9f8c0c5b15d8fa9ce9d20d
  languageName: node
  linkType: hard

"diff@npm:^5.0.0":
  version: 5.1.0
  resolution: "diff@npm:5.1.0"
  checksum: c7bf0df7c9bfbe1cf8a678fd1b2137c4fb11be117a67bc18a0e03ae75105e8533dbfb1cda6b46beb3586ef5aed22143ef9d70713977d5fb1f9114e21455fba90
  languageName: node
  linkType: hard

"extend@npm:^3.0.0":
  version: 3.0.2
  resolution: "extend@npm:3.0.2"
  checksum: a50a8309ca65ea5d426382ff09f33586527882cf532931cb08ca786ea3146c0553310bda688710ff61d7668eba9f96b923fe1420cdf56a2c3eaf30fcab87b515
  languageName: node
  linkType: hard

"hast-util-whitespace@npm:^2.0.0":
  version: 2.0.1
  resolution: "hast-util-whitespace@npm:2.0.1"
  checksum: 431be6b2f35472f951615540d7a53f69f39461e5e080c0190268bdeb2be9ab9b1dddfd1f467dd26c1de7e7952df67beb1307b6ee940baf78b24a71b5e0663868
  languageName: node
  linkType: hard

"inline-style-parser@npm:0.1.1":
  version: 0.1.1
  resolution: "inline-style-parser@npm:0.1.1"
  checksum: 5d545056a3e1f2bf864c928a886a0e1656a3517127d36917b973de581bd54adc91b4bf1febcb0da054f204b4934763f1a4e09308b4d55002327cf1d48ac5d966
  languageName: node
  linkType: hard

"is-buffer@npm:^2.0.0":
  version: 2.0.5
  resolution: "is-buffer@npm:2.0.5"
  checksum: 764c9ad8b523a9f5a32af29bdf772b08eb48c04d2ad0a7240916ac2688c983bf5f8504bf25b35e66240edeb9d9085461f9b5dae1f3d2861c6b06a65fe983de42
  languageName: node
  linkType: hard

"is-plain-obj@npm:^4.0.0":
  version: 4.1.0
  resolution: "is-plain-obj@npm:4.1.0"
  checksum: 6dc45da70d04a81f35c9310971e78a6a3c7a63547ef782e3a07ee3674695081b6ca4e977fbb8efc48dae3375e0b34558d2bcd722aec9bddfa2d7db5b041be8ce
  languageName: node
  linkType: hard

"js-tokens@npm:^3.0.0 || ^4.0.0":
  version: 4.0.0
  resolution: "js-tokens@npm:4.0.0"
  checksum: 8a95213a5a77deb6cbe94d86340e8d9ace2b93bc367790b260101d2f36a2eaf4e4e22d9fa9cf459b38af3a32fb4190e638024cf82ec95ef708680e405ea7cc78
  languageName: node
  linkType: hard

"kleur@npm:^4.0.3":
  version: 4.1.5
  resolution: "kleur@npm:4.1.5"
  checksum: 1dc476e32741acf0b1b5b0627ffd0d722e342c1b0da14de3e8ae97821327ca08f9fb944542fb3c126d90ac5f27f9d804edbe7c585bf7d12ef495d115e0f22c12
  languageName: node
  linkType: hard

"loose-envify@npm:^1.1.0, loose-envify@npm:^1.4.0":
  version: 1.4.0
  resolution: "loose-envify@npm:1.4.0"
  dependencies:
    js-tokens: ^3.0.0 || ^4.0.0
  bin:
    loose-envify: cli.js
  checksum: 6517e24e0cad87ec9888f500c5b5947032cdfe6ef65e1c1936a0c48a524b81e65542c9c3edc91c97d5bddc806ee2a985dbc79be89215d613b1de5db6d1cfe6f4
  languageName: node
  linkType: hard

"make-error@npm:^1.1.1":
  version: 1.3.6
  resolution: "make-error@npm:1.3.6"
  checksum: b86e5e0e25f7f777b77fabd8e2cbf15737972869d852a22b7e73c17623928fccb826d8e46b9951501d3f20e51ad74ba8c59ed584f610526a48f8ccf88aaec402
  languageName: node
  linkType: hard

"mdast-util-definitions@npm:^5.0.0":
  version: 5.1.2
  resolution: "mdast-util-definitions@npm:5.1.2"
  dependencies:
    "@types/mdast": ^3.0.0
    "@types/unist": ^2.0.0
    unist-util-visit: ^4.0.0
  checksum: 2544daccab744ea1ede76045c2577ae4f1cc1b9eb1ea51ab273fe1dca8db5a8d6f50f87759c0ce6484975914b144b7f40316f805cb9c86223a78db8de0b77bae
  languageName: node
  linkType: hard

"mdast-util-from-markdown@npm:^1.0.0":
  version: 1.3.1
  resolution: "mdast-util-from-markdown@npm:1.3.1"
  dependencies:
    "@types/mdast": ^3.0.0
    "@types/unist": ^2.0.0
    decode-named-character-reference: ^1.0.0
    mdast-util-to-string: ^3.1.0
    micromark: ^3.0.0
    micromark-util-decode-numeric-character-reference: ^1.0.0
    micromark-util-decode-string: ^1.0.0
    micromark-util-normalize-identifier: ^1.0.0
    micromark-util-symbol: ^1.0.0
    micromark-util-types: ^1.0.0
    unist-util-stringify-position: ^3.0.0
    uvu: ^0.5.0
  checksum: c2fac225167e248d394332a4ea39596e04cbde07d8cdb3889e91e48972c4c3462a02b39fda3855345d90231eb17a90ac6e082fb4f012a77c1d0ddfb9c7446940
  languageName: node
  linkType: hard

"mdast-util-to-hast@npm:^12.1.0":
  version: 12.3.0
  resolution: "mdast-util-to-hast@npm:12.3.0"
  dependencies:
    "@types/hast": ^2.0.0
    "@types/mdast": ^3.0.0
    mdast-util-definitions: ^5.0.0
    micromark-util-sanitize-uri: ^1.1.0
    trim-lines: ^3.0.0
    unist-util-generated: ^2.0.0
    unist-util-position: ^4.0.0
    unist-util-visit: ^4.0.0
  checksum: ea40c9f07dd0b731754434e81c913590c611b1fd753fa02550a1492aadfc30fb3adecaf62345ebb03cea2ddd250c15ab6e578fffde69c19955c9b87b10f2a9bb
  languageName: node
  linkType: hard

"mdast-util-to-string@npm:^3.1.0":
  version: 3.2.0
  resolution: "mdast-util-to-string@npm:3.2.0"
  dependencies:
    "@types/mdast": ^3.0.0
  checksum: dc40b544d54339878ae2c9f2b3198c029e1e07291d2126bd00ca28272ee6616d0d2194eb1c9828a7c34d412a79a7e73b26512a734698d891c710a1e73db1e848
  languageName: node
  linkType: hard

"micromark-core-commonmark@npm:^1.0.1":
  version: 1.1.0
  resolution: "micromark-core-commonmark@npm:1.1.0"
  dependencies:
    decode-named-character-reference: ^1.0.0
    micromark-factory-destination: ^1.0.0
    micromark-factory-label: ^1.0.0
    micromark-factory-space: ^1.0.0
    micromark-factory-title: ^1.0.0
    micromark-factory-whitespace: ^1.0.0
    micromark-util-character: ^1.0.0
    micromark-util-chunked: ^1.0.0
    micromark-util-classify-character: ^1.0.0
    micromark-util-html-tag-name: ^1.0.0
    micromark-util-normalize-identifier: ^1.0.0
    micromark-util-resolve-all: ^1.0.0
    micromark-util-subtokenize: ^1.0.0
    micromark-util-symbol: ^1.0.0
    micromark-util-types: ^1.0.1
    uvu: ^0.5.0
  checksum: c6dfedc95889cc73411cb222fc2330b9eda6d849c09c9fd9eb3cd3398af246167e9d3cdb0ae3ce9ae59dd34a14624c8330e380255d41279ad7350cf6c6be6c5b
  languageName: node
  linkType: hard

"micromark-factory-destination@npm:^1.0.0":
  version: 1.1.0
  resolution: "micromark-factory-destination@npm:1.1.0"
  dependencies:
    micromark-util-character: ^1.0.0
    micromark-util-symbol: ^1.0.0
    micromark-util-types: ^1.0.0
  checksum: 9e2b5fb5fedbf622b687e20d51eb3d56ae90c0e7ecc19b37bd5285ec392c1e56f6e21aa7cfcb3c01eda88df88fe528f3acb91a5f57d7f4cba310bc3cd7f824fa
  languageName: node
  linkType: hard

"micromark-factory-label@npm:^1.0.0":
  version: 1.1.0
  resolution: "micromark-factory-label@npm:1.1.0"
  dependencies:
    micromark-util-character: ^1.0.0
    micromark-util-symbol: ^1.0.0
    micromark-util-types: ^1.0.0
    uvu: ^0.5.0
  checksum: fcda48f1287d9b148c562c627418a2ab759cdeae9c8e017910a0cba94bb759a96611e1fc6df33182e97d28fbf191475237298983bb89ef07d5b02464b1ad28d5
  languageName: node
  linkType: hard

"micromark-factory-space@npm:^1.0.0":
  version: 1.1.0
  resolution: "micromark-factory-space@npm:1.1.0"
  dependencies:
    micromark-util-character: ^1.0.0
    micromark-util-types: ^1.0.0
  checksum: b58435076b998a7e244259a4694eb83c78915581206b6e7fc07b34c6abd36a1726ade63df8972fbf6c8fa38eecb9074f4e17be8d53f942e3b3d23d1a0ecaa941
  languageName: node
  linkType: hard

"micromark-factory-title@npm:^1.0.0":
  version: 1.1.0
  resolution: "micromark-factory-title@npm:1.1.0"
  dependencies:
    micromark-factory-space: ^1.0.0
    micromark-util-character: ^1.0.0
    micromark-util-symbol: ^1.0.0
    micromark-util-types: ^1.0.0
  checksum: 4432d3dbc828c81f483c5901b0c6591a85d65a9e33f7d96ba7c3ae821617a0b3237ff5faf53a9152d00aaf9afb3a9f185b205590f40ed754f1d9232e0e9157b1
  languageName: node
  linkType: hard

"micromark-factory-whitespace@npm:^1.0.0":
  version: 1.1.0
  resolution: "micromark-factory-whitespace@npm:1.1.0"
  dependencies:
    micromark-factory-space: ^1.0.0
    micromark-util-character: ^1.0.0
    micromark-util-symbol: ^1.0.0
    micromark-util-types: ^1.0.0
  checksum: ef0fa682c7d593d85a514ee329809dee27d10bc2a2b65217d8ef81173e33b8e83c549049764b1ad851adfe0a204dec5450d9d20a4ca8598f6c94533a73f73fcd
  languageName: node
  linkType: hard

"micromark-util-character@npm:^1.0.0":
  version: 1.2.0
  resolution: "micromark-util-character@npm:1.2.0"
  dependencies:
    micromark-util-symbol: ^1.0.0
    micromark-util-types: ^1.0.0
  checksum: 089e79162a19b4a28731736246579ab7e9482ac93cd681c2bfca9983dcff659212ef158a66a5957e9d4b1dba957d1b87b565d85418a5b009f0294f1f07f2aaac
  languageName: node
  linkType: hard

"micromark-util-chunked@npm:^1.0.0":
  version: 1.1.0
  resolution: "micromark-util-chunked@npm:1.1.0"
  dependencies:
    micromark-util-symbol: ^1.0.0
  checksum: c435bde9110cb595e3c61b7f54c2dc28ee03e6a57fa0fc1e67e498ad8bac61ee5a7457a2b6a73022ddc585676ede4b912d28dcf57eb3bd6951e54015e14dc20b
  languageName: node
  linkType: hard

"micromark-util-classify-character@npm:^1.0.0":
  version: 1.1.0
  resolution: "micromark-util-classify-character@npm:1.1.0"
  dependencies:
    micromark-util-character: ^1.0.0
    micromark-util-symbol: ^1.0.0
    micromark-util-types: ^1.0.0
  checksum: 8499cb0bb1f7fb946f5896285fcca65cd742f66cd3e79ba7744792bd413ec46834f932a286de650349914d02e822946df3b55d03e6a8e1d245d1ddbd5102e5b0
  languageName: node
  linkType: hard

"micromark-util-combine-extensions@npm:^1.0.0":
  version: 1.1.0
  resolution: "micromark-util-combine-extensions@npm:1.1.0"
  dependencies:
    micromark-util-chunked: ^1.0.0
    micromark-util-types: ^1.0.0
  checksum: ee78464f5d4b61ccb437850cd2d7da4d690b260bca4ca7a79c4bb70291b84f83988159e373b167181b6716cb197e309bc6e6c96a68cc3ba9d50c13652774aba9
  languageName: node
  linkType: hard

"micromark-util-decode-numeric-character-reference@npm:^1.0.0":
  version: 1.1.0
  resolution: "micromark-util-decode-numeric-character-reference@npm:1.1.0"
  dependencies:
    micromark-util-symbol: ^1.0.0
  checksum: 4733fe75146e37611243f055fc6847137b66f0cde74d080e33bd26d0408c1d6f44cabc984063eee5968b133cb46855e729d555b9ff8d744652262b7b51feec73
  languageName: node
  linkType: hard

"micromark-util-decode-string@npm:^1.0.0":
  version: 1.1.0
  resolution: "micromark-util-decode-string@npm:1.1.0"
  dependencies:
    decode-named-character-reference: ^1.0.0
    micromark-util-character: ^1.0.0
    micromark-util-decode-numeric-character-reference: ^1.0.0
    micromark-util-symbol: ^1.0.0
  checksum: f1625155db452f15aa472918499689ba086b9c49d1322a08b22bfbcabe918c61b230a3002c8bc3ea9b1f52ca7a9bb1c3dd43ccb548c7f5f8b16c24a1ae77a813
  languageName: node
  linkType: hard

"micromark-util-encode@npm:^1.0.0":
  version: 1.1.0
  resolution: "micromark-util-encode@npm:1.1.0"
  checksum: 4ef29d02b12336918cea6782fa87c8c578c67463925221d4e42183a706bde07f4b8b5f9a5e1c7ce8c73bb5a98b261acd3238fecd152e6dd1cdfa2d1ae11b60a0
  languageName: node
  linkType: hard

"micromark-util-html-tag-name@npm:^1.0.0":
  version: 1.2.0
  resolution: "micromark-util-html-tag-name@npm:1.2.0"
  checksum: ccf0fa99b5c58676dc5192c74665a3bfd1b536fafaf94723bd7f31f96979d589992df6fcf2862eba290ef18e6a8efb30ec8e1e910d9f3fc74f208871e9f84750
  languageName: node
  linkType: hard

"micromark-util-normalize-identifier@npm:^1.0.0":
  version: 1.1.0
  resolution: "micromark-util-normalize-identifier@npm:1.1.0"
  dependencies:
    micromark-util-symbol: ^1.0.0
  checksum: 8655bea41ffa4333e03fc22462cb42d631bbef9c3c07b625fd852b7eb442a110f9d2e5902a42e65188d85498279569502bf92f3434a1180fc06f7c37edfbaee2
  languageName: node
  linkType: hard

"micromark-util-resolve-all@npm:^1.0.0":
  version: 1.1.0
  resolution: "micromark-util-resolve-all@npm:1.1.0"
  dependencies:
    micromark-util-types: ^1.0.0
  checksum: 1ce6c0237cd3ca061e76fae6602cf95014e764a91be1b9f10d36cb0f21ca88f9a07de8d49ab8101efd0b140a4fbfda6a1efb72027ab3f4d5b54c9543271dc52c
  languageName: node
  linkType: hard

"micromark-util-sanitize-uri@npm:^1.0.0, micromark-util-sanitize-uri@npm:^1.1.0":
  version: 1.2.0
  resolution: "micromark-util-sanitize-uri@npm:1.2.0"
  dependencies:
    micromark-util-character: ^1.0.0
    micromark-util-encode: ^1.0.0
    micromark-util-symbol: ^1.0.0
  checksum: 6663f365c4fe3961d622a580f4a61e34867450697f6806f027f21cf63c92989494895fcebe2345d52e249fe58a35be56e223a9776d084c9287818b40c779acc1
  languageName: node
  linkType: hard

"micromark-util-subtokenize@npm:^1.0.0":
  version: 1.1.0
  resolution: "micromark-util-subtokenize@npm:1.1.0"
  dependencies:
    micromark-util-chunked: ^1.0.0
    micromark-util-symbol: ^1.0.0
    micromark-util-types: ^1.0.0
    uvu: ^0.5.0
  checksum: 4a9d780c4d62910e196ea4fd886dc4079d8e424e5d625c0820016da0ed399a281daff39c50f9288045cc4bcd90ab47647e5396aba500f0853105d70dc8b1fc45
  languageName: node
  linkType: hard

"micromark-util-symbol@npm:^1.0.0":
  version: 1.1.0
  resolution: "micromark-util-symbol@npm:1.1.0"
  checksum: 02414a753b79f67ff3276b517eeac87913aea6c028f3e668a19ea0fc09d98aea9f93d6222a76ca783d20299af9e4b8e7c797fe516b766185dcc6e93290f11f88
  languageName: node
  linkType: hard

"micromark-util-types@npm:^1.0.0, micromark-util-types@npm:^1.0.1":
  version: 1.1.0
  resolution: "micromark-util-types@npm:1.1.0"
  checksum: b0ef2b4b9589f15aec2666690477a6a185536927ceb7aa55a0f46475852e012d75a1ab945187e5c7841969a842892164b15d58ff8316b8e0d6cc920cabd5ede7
  languageName: node
  linkType: hard

"micromark@npm:^3.0.0":
  version: 3.2.0
  resolution: "micromark@npm:3.2.0"
  dependencies:
    "@types/debug": ^4.0.0
    debug: ^4.0.0
    decode-named-character-reference: ^1.0.0
    micromark-core-commonmark: ^1.0.1
    micromark-factory-space: ^1.0.0
    micromark-util-character: ^1.0.0
    micromark-util-chunked: ^1.0.0
    micromark-util-combine-extensions: ^1.0.0
    micromark-util-decode-numeric-character-reference: ^1.0.0
    micromark-util-encode: ^1.0.0
    micromark-util-normalize-identifier: ^1.0.0
    micromark-util-resolve-all: ^1.0.0
    micromark-util-sanitize-uri: ^1.0.0
    micromark-util-subtokenize: ^1.0.0
    micromark-util-symbol: ^1.0.0
    micromark-util-types: ^1.0.1
    uvu: ^0.5.0
  checksum: 56c15851ad3eb8301aede65603473443e50c92a54849cac1dadd57e4ec33ab03a0a77f3df03de47133e6e8f695dae83b759b514586193269e98c0bf319ecd5e4
  languageName: node
  linkType: hard

"mri@npm:^1.1.0":
  version: 1.2.0
  resolution: "mri@npm:1.2.0"
  checksum: 83f515abbcff60150873e424894a2f65d68037e5a7fcde8a9e2b285ee9c13ac581b63cfc1e6826c4732de3aeb84902f7c1e16b7aff46cd3f897a0f757a894e85
  languageName: node
  linkType: hard

"ms@npm:2.1.2":
  version: 2.1.2
  resolution: "ms@npm:2.1.2"
  checksum: 673cdb2c3133eb050c745908d8ce632ed2c02d85640e2edb3ace856a2266a813b30c613569bf3354fdf4ea7d1a1494add3bfa95e2713baa27d0c2c71fc44f58f
  languageName: node
  linkType: hard

"nanoid@npm:^3.3.4":
  version: 3.3.6
  resolution: "nanoid@npm:3.3.6"
  bin:
    nanoid: bin/nanoid.cjs
  checksum: 7d0eda657002738aa5206107bd0580aead6c95c460ef1bdd0b1a87a9c7ae6277ac2e9b945306aaa5b32c6dcb7feaf462d0f552e7f8b5718abfc6ead5c94a71b3
  languageName: node
  linkType: hard

"next@npm:13.4.4":
  version: 13.4.4
  resolution: "next@npm:13.4.4"
  dependencies:
    "@next/env": 13.4.4
    "@next/swc-darwin-arm64": 13.4.4
    "@next/swc-darwin-x64": 13.4.4
    "@next/swc-linux-arm64-gnu": 13.4.4
    "@next/swc-linux-arm64-musl": 13.4.4
    "@next/swc-linux-x64-gnu": 13.4.4
    "@next/swc-linux-x64-musl": 13.4.4
    "@next/swc-win32-arm64-msvc": 13.4.4
    "@next/swc-win32-ia32-msvc": 13.4.4
    "@next/swc-win32-x64-msvc": 13.4.4
    "@swc/helpers": 0.5.1
    busboy: 1.6.0
    caniuse-lite: ^1.0.30001406
    postcss: 8.4.14
    styled-jsx: 5.1.1
    zod: 3.21.4
  peerDependencies:
    "@opentelemetry/api": ^1.1.0
    fibers: ">= 3.1.0"
    react: ^18.2.0
    react-dom: ^18.2.0
    sass: ^1.3.0
  dependenciesMeta:
    "@next/swc-darwin-arm64":
      optional: true
    "@next/swc-darwin-x64":
      optional: true
    "@next/swc-linux-arm64-gnu":
      optional: true
    "@next/swc-linux-arm64-musl":
      optional: true
    "@next/swc-linux-x64-gnu":
      optional: true
    "@next/swc-linux-x64-musl":
      optional: true
    "@next/swc-win32-arm64-msvc":
      optional: true
    "@next/swc-win32-ia32-msvc":
      optional: true
    "@next/swc-win32-x64-msvc":
      optional: true
  peerDependenciesMeta:
    "@opentelemetry/api":
      optional: true
    fibers:
      optional: true
    sass:
      optional: true
  bin:
    next: dist/bin/next
  checksum: d84686f3ca313c57d283872a2946a5c18ecd656c4235ad879cbaa0f2f2886c9bcff94656ff07c4998fa672f40023978235150ce760e4c5b1edab6feaa7ed9fa9
  languageName: node
  linkType: hard

"nextjs-prisma-jsonserver@workspace:.":
  version: 0.0.0-use.local
  resolution: "nextjs-prisma-jsonserver@workspace:."
  dependencies:
    "@prisma/client": ^4.15.0
    "@types/node": ^20.3.1
    "@types/react": ^18.2.12
    next: 13.4.4
    prisma: 4.15.0
    react: 18.2.0
    react-dom: ^18.2.0
    react-markdown: 8.0.0
    ts-node: ^10.9.1
    typescript: ^5.1.3
  languageName: unknown
  linkType: soft

"object-assign@npm:^4.1.1":
  version: 4.1.1
  resolution: "object-assign@npm:4.1.1"
  checksum: fcc6e4ea8c7fe48abfbb552578b1c53e0d194086e2e6bbbf59e0a536381a292f39943c6e9628af05b5528aa5e3318bb30d6b2e53cadaf5b8fe9e12c4b69af23f
  languageName: node
  linkType: hard

"picocolors@npm:^1.0.0":
  version: 1.0.0
  resolution: "picocolors@npm:1.0.0"
  checksum: a2e8092dd86c8396bdba9f2b5481032848525b3dc295ce9b57896f931e63fc16f79805144321f72976383fc249584672a75cc18d6777c6b757603f372f745981
  languageName: node
  linkType: hard

"postcss@npm:8.4.14":
  version: 8.4.14
  resolution: "postcss@npm:8.4.14"
  dependencies:
    nanoid: ^3.3.4
    picocolors: ^1.0.0
    source-map-js: ^1.0.2
  checksum: fe58766ff32e4becf65a7d57678995cfd239df6deed2fe0557f038b47c94e4132e7e5f68b5aa820c13adfec32e523b693efaeb65798efb995ce49ccd83953816
  languageName: node
  linkType: hard

"prisma@npm:4.15.0":
  version: 4.15.0
  resolution: "prisma@npm:4.15.0"
  dependencies:
    "@prisma/engines": 4.15.0
  bin:
    prisma: build/index.js
    prisma2: build/index.js
  checksum: a42b940396f5f101d44effad9bfccca4b062ae80a369dc44961cbc074326239340f05c5af49981b1cddb08d9155c4bcc93c4d69ed2ae4a634e1742159204cb89
  languageName: node
  linkType: hard

"prop-types@npm:^15.0.0":
  version: 15.8.1
  resolution: "prop-types@npm:15.8.1"
  dependencies:
    loose-envify: ^1.4.0
    object-assign: ^4.1.1
    react-is: ^16.13.1
  checksum: c056d3f1c057cb7ff8344c645450e14f088a915d078dcda795041765047fa080d38e5d626560ccaac94a4e16e3aa15f3557c1a9a8d1174530955e992c675e459
  languageName: node
  linkType: hard

"property-information@npm:^6.0.0":
  version: 6.2.0
  resolution: "property-information@npm:6.2.0"
  checksum: 23afce07ba821cbe7d926e63cdd680991961c82be4bbb6c0b17c47f48894359c1be6e51cd74485fc10a9d3fd361b475388e1e39311ed2b53127718f72aab1955
  languageName: node
  linkType: hard

"react-dom@npm:^18.2.0":
  version: 18.2.0
  resolution: "react-dom@npm:18.2.0"
  dependencies:
    loose-envify: ^1.1.0
    scheduler: ^0.23.0
  peerDependencies:
    react: ^18.2.0
  checksum: 7d323310bea3a91be2965f9468d552f201b1c27891e45ddc2d6b8f717680c95a75ae0bc1e3f5cf41472446a2589a75aed4483aee8169287909fcd59ad149e8cc
  languageName: node
  linkType: hard

"react-is@npm:^16.13.1":
  version: 16.13.1
  resolution: "react-is@npm:16.13.1"
  checksum: f7a19ac3496de32ca9ae12aa030f00f14a3d45374f1ceca0af707c831b2a6098ef0d6bdae51bd437b0a306d7f01d4677fcc8de7c0d331eb47ad0f46130e53c5f
  languageName: node
  linkType: hard

"react-is@npm:^17.0.0":
  version: 17.0.2
  resolution: "react-is@npm:17.0.2"
  checksum: 9d6d111d8990dc98bc5402c1266a808b0459b5d54830bbea24c12d908b536df7883f268a7868cfaedde3dd9d4e0d574db456f84d2e6df9c4526f99bb4b5344d8
  languageName: node
  linkType: hard

"react-markdown@npm:8.0.0":
  version: 8.0.0
  resolution: "react-markdown@npm:8.0.0"
  dependencies:
    "@types/hast": ^2.0.0
    "@types/unist": ^2.0.0
    comma-separated-tokens: ^2.0.0
    hast-util-whitespace: ^2.0.0
    prop-types: ^15.0.0
    property-information: ^6.0.0
    react-is: ^17.0.0
    remark-parse: ^10.0.0
    remark-rehype: ^10.0.0
    space-separated-tokens: ^2.0.0
    style-to-object: ^0.3.0
    unified: ^10.0.0
    unist-util-visit: ^4.0.0
    vfile: ^5.0.0
  peerDependencies:
    "@types/react": ">=16"
    react: ">=16"
  checksum: 61412ecd18443e6f074932d7f2b142d20fc27d1c2042793fce65c28d2d18968419e85700b8f4a3c5f1819d8ac95cca1ee2959b8ca3c18dd8544130fdc1f28bdb
  languageName: node
  linkType: hard

"react@npm:18.2.0":
  version: 18.2.0
  resolution: "react@npm:18.2.0"
  dependencies:
    loose-envify: ^1.1.0
  checksum: 88e38092da8839b830cda6feef2e8505dec8ace60579e46aa5490fc3dc9bba0bd50336507dc166f43e3afc1c42939c09fe33b25fae889d6f402721dcd78fca1b
  languageName: node
  linkType: hard

"remark-parse@npm:^10.0.0":
  version: 10.0.2
  resolution: "remark-parse@npm:10.0.2"
  dependencies:
    "@types/mdast": ^3.0.0
    mdast-util-from-markdown: ^1.0.0
    unified: ^10.0.0
  checksum: 5041b4b44725f377e69986e02f8f072ae2222db5e7d3b6c80829756b842e811343ffc2069cae1f958a96bfa36104ab91a57d7d7e2f0cef521e210ab8c614d5c7
  languageName: node
  linkType: hard

"remark-rehype@npm:^10.0.0":
  version: 10.1.0
  resolution: "remark-rehype@npm:10.1.0"
  dependencies:
    "@types/hast": ^2.0.0
    "@types/mdast": ^3.0.0
    mdast-util-to-hast: ^12.1.0
    unified: ^10.0.0
  checksum: b9ac8acff3383b204dfdc2599d0bdf86e6ca7e837033209584af2e6aaa6a9013e519a379afa3201299798cab7298c8f4b388de118c312c67234c133318aec084
  languageName: node
  linkType: hard

"sade@npm:^1.7.3":
  version: 1.8.1
  resolution: "sade@npm:1.8.1"
  dependencies:
    mri: ^1.1.0
  checksum: 0756e5b04c51ccdc8221ebffd1548d0ce5a783a44a0fa9017a026659b97d632913e78f7dca59f2496aa996a0be0b0c322afd87ca72ccd909406f49dbffa0f45d
  languageName: node
  linkType: hard

"scheduler@npm:^0.23.0":
  version: 0.23.0
  resolution: "scheduler@npm:0.23.0"
  dependencies:
    loose-envify: ^1.1.0
  checksum: d79192eeaa12abef860c195ea45d37cbf2bbf5f66e3c4dcd16f54a7da53b17788a70d109ee3d3dde1a0fd50e6a8fc171f4300356c5aee4fc0171de526bf35f8a
  languageName: node
  linkType: hard

"source-map-js@npm:^1.0.2":
  version: 1.0.2
  resolution: "source-map-js@npm:1.0.2"
  checksum: c049a7fc4deb9a7e9b481ae3d424cc793cb4845daa690bc5a05d428bf41bf231ced49b4cf0c9e77f9d42fdb3d20d6187619fc586605f5eabe995a316da8d377c
  languageName: node
  linkType: hard

"space-separated-tokens@npm:^2.0.0":
  version: 2.0.2
  resolution: "space-separated-tokens@npm:2.0.2"
  checksum: 202e97d7ca1ba0758a0aa4fe226ff98142073bcceeff2da3aad037968878552c3bbce3b3231970025375bbba5aee00c5b8206eda408da837ab2dc9c0f26be990
  languageName: node
  linkType: hard

"streamsearch@npm:^1.1.0":
  version: 1.1.0
  resolution: "streamsearch@npm:1.1.0"
  checksum: 1cce16cea8405d7a233d32ca5e00a00169cc0e19fbc02aa839959985f267335d435c07f96e5e0edd0eadc6d39c98d5435fb5bbbdefc62c41834eadc5622ad942
  languageName: node
  linkType: hard

"style-to-object@npm:^0.3.0":
  version: 0.3.0
  resolution: "style-to-object@npm:0.3.0"
  dependencies:
    inline-style-parser: 0.1.1
  checksum: 4d7084015207f2a606dfc10c29cb5ba569f2fe8005551df7396110dd694d6ff650f2debafa95bd5d147dfb4ca50f57868e2a7f91bf5d11ef734fe7ccbd7abf59
  languageName: node
  linkType: hard

"styled-jsx@npm:5.1.1":
  version: 5.1.1
  resolution: "styled-jsx@npm:5.1.1"
  dependencies:
    client-only: 0.0.1
  peerDependencies:
    react: ">= 16.8.0 || 17.x.x || ^18.0.0-0"
  peerDependenciesMeta:
    "@babel/core":
      optional: true
    babel-plugin-macros:
      optional: true
  checksum: 523a33b38603492547e861b98e29c873939b04e15fbe5ef16132c6f1e15958126647983c7d4675325038b428a5e91183d996e90141b18bdd1bbadf6e2c45b2fa
  languageName: node
  linkType: hard

"trim-lines@npm:^3.0.0":
  version: 3.0.1
  resolution: "trim-lines@npm:3.0.1"
  checksum: e241da104682a0e0d807222cc1496b92e716af4db7a002f4aeff33ae6a0024fef93165d49eab11aa07c71e1347c42d46563f91dfaa4d3fb945aa535cdead53ed
  languageName: node
  linkType: hard

"trough@npm:^2.0.0":
  version: 2.1.0
  resolution: "trough@npm:2.1.0"
  checksum: a577bb561c2b401cc0e1d9e188fcfcdf63b09b151ff56a668da12197fe97cac15e3d77d5b51f426ccfd94255744a9118e9e9935afe81a3644fa1be9783c82886
  languageName: node
  linkType: hard

"ts-node@npm:^10.9.1":
  version: 10.9.1
  resolution: "ts-node@npm:10.9.1"
  dependencies:
    "@cspotcode/source-map-support": ^0.8.0
    "@tsconfig/node10": ^1.0.7
    "@tsconfig/node12": ^1.0.7
    "@tsconfig/node14": ^1.0.0
    "@tsconfig/node16": ^1.0.2
    acorn: ^8.4.1
    acorn-walk: ^8.1.1
    arg: ^4.1.0
    create-require: ^1.1.0
    diff: ^4.0.1
    make-error: ^1.1.1
    v8-compile-cache-lib: ^3.0.1
    yn: 3.1.1
  peerDependencies:
    "@swc/core": ">=1.2.50"
    "@swc/wasm": ">=1.2.50"
    "@types/node": "*"
    typescript: ">=2.7"
  peerDependenciesMeta:
    "@swc/core":
      optional: true
    "@swc/wasm":
      optional: true
  bin:
    ts-node: dist/bin.js
    ts-node-cwd: dist/bin-cwd.js
    ts-node-esm: dist/bin-esm.js
    ts-node-script: dist/bin-script.js
    ts-node-transpile-only: dist/bin-transpile.js
    ts-script: dist/bin-script-deprecated.js
  checksum: 090adff1302ab20bd3486e6b4799e90f97726ed39e02b39e566f8ab674fd5bd5f727f43615debbfc580d33c6d9d1c6b1b3ce7d8e3cca3e20530a145ffa232c35
  languageName: node
  linkType: hard

"tslib@npm:^2.4.0":
  version: 2.5.3
  resolution: "tslib@npm:2.5.3"
  checksum: 88902b309afaf83259131c1e13da1dceb0ad1682a213143a1346a649143924d78cf3760c448b84d796938fd76127183894f8d85cbb3bf9c4fddbfcc140c0003c
  languageName: node
  linkType: hard

"typescript@npm:^5.1.3":
  version: 5.1.3
  resolution: "typescript@npm:5.1.3"
  bin:
    tsc: bin/tsc
    tsserver: bin/tsserver
  checksum: d9d51862d98efa46534f2800a1071a613751b1585dc78884807d0c179bcd93d6e9d4012a508e276742f5f33c480adefc52ffcafaf9e0e00ab641a14cde9a31c7
  languageName: node
  linkType: hard

"typescript@patch:typescript@^5.1.3#~builtin<compat/typescript>":
  version: 5.1.3
  resolution: "typescript@patch:typescript@npm%3A5.1.3#~builtin<compat/typescript>::version=5.1.3&hash=5da071"
  bin:
    tsc: bin/tsc
    tsserver: bin/tsserver
  checksum: 6f0a9dca6bf4ce9dcaf4e282aade55ef4c56ecb5fb98d0a4a5c0113398815aea66d871b5611e83353e5953a19ed9ef103cf5a76ac0f276d550d1e7cd5344f61e
  languageName: node
  linkType: hard

"unified@npm:^10.0.0":
  version: 10.1.2
  resolution: "unified@npm:10.1.2"
  dependencies:
    "@types/unist": ^2.0.0
    bail: ^2.0.0
    extend: ^3.0.0
    is-buffer: ^2.0.0
    is-plain-obj: ^4.0.0
    trough: ^2.0.0
    vfile: ^5.0.0
  checksum: 053e7c65ede644607f87bd625a299e4b709869d2f76ec8138569e6e886903b6988b21cd9699e471eda42bee189527be0a9dac05936f1d069a5e65d0125d5d756
  languageName: node
  linkType: hard

"unist-util-generated@npm:^2.0.0":
  version: 2.0.1
  resolution: "unist-util-generated@npm:2.0.1"
  checksum: 6221ad0571dcc9c8964d6b054f39ef6571ed59cc0ce3e88ae97ea1c70afe76b46412a5ffaa91f96814644ac8477e23fb1b477d71f8d70e625728c5258f5c0d99
  languageName: node
  linkType: hard

"unist-util-is@npm:^5.0.0":
  version: 5.2.1
  resolution: "unist-util-is@npm:5.2.1"
  dependencies:
    "@types/unist": ^2.0.0
  checksum: ae76fdc3d35352cd92f1bedc3a0d407c3b9c42599a52ab9141fe89bdd786b51f0ec5a2ab68b93fb532e239457cae62f7e39eaa80229e1cb94875da2eafcbe5c4
  languageName: node
  linkType: hard

"unist-util-position@npm:^4.0.0":
  version: 4.0.4
  resolution: "unist-util-position@npm:4.0.4"
  dependencies:
    "@types/unist": ^2.0.0
  checksum: e7487b6cec9365299695e3379ded270a1717074fa11fd2407c9b934fb08db6fe1d9077ddeaf877ecf1813665f8ccded5171693d3d9a7a01a125ec5cdd5e88691
  languageName: node
  linkType: hard

"unist-util-stringify-position@npm:^3.0.0":
  version: 3.0.3
  resolution: "unist-util-stringify-position@npm:3.0.3"
  dependencies:
    "@types/unist": ^2.0.0
  checksum: dbd66c15183607ca942a2b1b7a9f6a5996f91c0d30cf8966fb88955a02349d9eefd3974e9010ee67e71175d784c5a9fea915b0aa0b0df99dcb921b95c4c9e124
  languageName: node
  linkType: hard

"unist-util-visit-parents@npm:^5.1.1":
  version: 5.1.3
  resolution: "unist-util-visit-parents@npm:5.1.3"
  dependencies:
    "@types/unist": ^2.0.0
    unist-util-is: ^5.0.0
  checksum: 8ecada5978994f846b64658cf13b4092cd78dea39e1ba2f5090a5de842ba4852712c02351a8ae95250c64f864635e7b02aedf3b4a093552bb30cf1bd160efbaa
  languageName: node
  linkType: hard

"unist-util-visit@npm:^4.0.0":
  version: 4.1.2
  resolution: "unist-util-visit@npm:4.1.2"
  dependencies:
    "@types/unist": ^2.0.0
    unist-util-is: ^5.0.0
    unist-util-visit-parents: ^5.1.1
  checksum: 95a34e3f7b5b2d4b68fd722b6229972099eb97b6df18913eda44a5c11df8b1e27efe7206dd7b88c4ed244a48c474a5b2e2629ab79558ff9eb936840295549cee
  languageName: node
  linkType: hard

"uvu@npm:^0.5.0":
  version: 0.5.6
  resolution: "uvu@npm:0.5.6"
  dependencies:
    dequal: ^2.0.0
    diff: ^5.0.0
    kleur: ^4.0.3
    sade: ^1.7.3
  bin:
    uvu: bin.js
  checksum: 09460a37975627de9fcad396e5078fb844d01aaf64a6399ebfcfd9e55f1c2037539b47611e8631f89be07656962af0cf48c334993db82b9ae9c3d25ce3862168
  languageName: node
  linkType: hard

"v8-compile-cache-lib@npm:^3.0.1":
  version: 3.0.1
  resolution: "v8-compile-cache-lib@npm:3.0.1"
  checksum: 78089ad549e21bcdbfca10c08850022b22024cdcc2da9b168bcf5a73a6ed7bf01a9cebb9eac28e03cd23a684d81e0502797e88f3ccd27a32aeab1cfc44c39da0
  languageName: node
  linkType: hard

"vfile-message@npm:^3.0.0":
  version: 3.1.4
  resolution: "vfile-message@npm:3.1.4"
  dependencies:
    "@types/unist": ^2.0.0
    unist-util-stringify-position: ^3.0.0
  checksum: d0ee7da1973ad76513c274e7912adbed4d08d180eaa34e6bd40bc82459f4b7bc50fcaff41556135e3339995575eac5f6f709aba9332b80f775618ea4880a1367
  languageName: node
  linkType: hard

"vfile@npm:^5.0.0":
  version: 5.3.7
  resolution: "vfile@npm:5.3.7"
  dependencies:
    "@types/unist": ^2.0.0
    is-buffer: ^2.0.0
    unist-util-stringify-position: ^3.0.0
    vfile-message: ^3.0.0
  checksum: 642cce703afc186dbe7cabf698dc954c70146e853491086f5da39e1ce850676fc96b169fcf7898aa3ff245e9313aeec40da93acd1e1fcc0c146dc4f6308b4ef9
  languageName: node
  linkType: hard

"yn@npm:3.1.1":
  version: 3.1.1
  resolution: "yn@npm:3.1.1"
  checksum: 2c487b0e149e746ef48cda9f8bad10fc83693cd69d7f9dcd8be4214e985de33a29c9e24f3c0d6bcf2288427040a8947406ab27f7af67ee9456e6b84854f02dd6
  languageName: node
  linkType: hard

"zod@npm:3.21.4":
  version: 3.21.4
  resolution: "zod@npm:3.21.4"
  checksum: f185ba87342ff16f7a06686767c2b2a7af41110c7edf7c1974095d8db7a73792696bcb4a00853de0d2edeb34a5b2ea6a55871bc864227dace682a0a28de33e1f
  languageName: node
  linkType: hard
